
Microsoft Visual Studio Solution File, Format Version 12.00
# Visual Studio 2012
Project("{FAE04EC0-301F-11D3-BF4B-00C04F79EFBC}") = "Tests", "Tests.csproj", "{36C6BF52-92C5-4713-8EEB-588BABFA2BD2}"
EndProject
Project("{FAE04EC0-301F-11D3-BF4B-00C04F79EFBC}") = "Assembly-CSharp-vs", "..\SphericalVoronoiGenerator\Assembly-CSharp-vs.csproj", "{1DCA8B92-857A-42D1-9852-F5002DB2F970}"
EndProject
Project("{FAE04EC0-301F-11D3-BF4B-00C04F79EFBC}") = "Generator", "..\Generator\Generator.csproj", "{2F7C4D8B-B3EF-485A-B917-25C887B3F040}"
EndProject
Global
	GlobalSection(SolutionConfigurationPlatforms) = preSolution
		Debug|Any CPU = Debug|Any CPU
		Release|Any CPU = Release|Any CPU
	EndGlobalSection
	GlobalSection(ProjectConfigurationPlatforms) = postSolution
		{36C6BF52-92C5-4713-8EEB-588BABFA2BD2}.Debug|Any CPU.ActiveCfg = Debug|Any CPU
		{36C6BF52-92C5-4713-8EEB-588BABFA2BD2}.Debug|Any CPU.Build.0 = Debug|Any CPU
		{36C6BF52-92C5-4713-8EEB-588BABFA2BD2}.Release|Any CPU.ActiveCfg = Release|Any CPU
		{36C6BF52-92C5-4713-8EEB-588BABFA2BD2}.Release|Any CPU.Build.0 = Release|Any CPU
		{1DCA8B92-857A-42D1-9852-F5002DB2F970}.Debug|Any CPU.ActiveCfg = Debug|Any CPU
		{1DCA8B92-857A-42D1-9852-F5002DB2F970}.Debug|Any CPU.Build.0 = Debug|Any CPU
		{1DCA8B92-857A-42D1-9852-F5002DB2F970}.Release|Any CPU.ActiveCfg = Release|Any CPU
		{1DCA8B92-857A-42D1-9852-F5002DB2F970}.Release|Any CPU.Build.0 = Release|Any CPU
		{2F7C4D8B-B3EF-485A-B917-25C887B3F040}.Debug|Any CPU.ActiveCfg = Debug|Any CPU
		{2F7C4D8B-B3EF-485A-B917-25C887B3F040}.Debug|Any CPU.Build.0 = Debug|Any CPU
		{2F7C4D8B-B3EF-485A-B917-25C887B3F040}.Release|Any CPU.ActiveCfg = Release|Any CPU
		{2F7C4D8B-B3EF-485A-B917-25C887B3F040}.Release|Any CPU.Build.0 = Release|Any CPU
	EndGlobalSection
	GlobalSection(SolutionProperties) = preSolution
		HideSolutionNode = FALSE
	EndGlobalSection
EndGlobal
